
Microsoft Visual Studio Solution File, Format Version 12.00
# Visual Studio Version 16
VisualStudioVersion = 16.0.29025.244
MinimumVisualStudioVersion = 10.0.40219.1
Project("{2150E333-8FDC-42A3-9474-1A3956D46DE8}") = "src", "src", "{AFAA0841-BD93-466F-B8F4-FB4EEC86F1FC}"
EndProject
Project("{2150E333-8FDC-42A3-9474-1A3956D46DE8}") = "test", "test", "{F10AA149-2626-486E-85BB-9CD5365F3016}"
EndProject
Project("{9A19103F-16F7-4668-BE54-9A1E7A4F7556}") = "PET.Examination.Core", "src\PET.Examination.Core\PET.Examination.Core.csproj", "{0FA75A5B-AB83-4FD0-B545-279774C01E87}"
EndProject
Project("{9A19103F-16F7-4668-BE54-9A1E7A4F7556}") = "PET.Examination.Application", "src\PET.Examination.Application\PET.Examination.Application.csproj", "{3870C648-4AEA-4B85-BA3F-F2F63B96136A}"
EndProject
Project("{9A19103F-16F7-4668-BE54-9A1E7A4F7556}") = "PET.Examination.Tests", "test\PET.Examination.Tests\PET.Examination.Tests.csproj", "{0D4C5D00-C144-4213-A007-4B8944113AB1}"
EndProject
Project("{9A19103F-16F7-4668-BE54-9A1E7A4F7556}") = "PET.Examination.Migrator", "src\PET.Examination.Migrator\PET.Examination.Migrator.csproj", "{880B3591-E057-46FE-B525-10BD83828B93}"
EndProject
Project("{9A19103F-16F7-4668-BE54-9A1E7A4F7556}") = "PET.Examination.Web.Host", "src\PET.Examination.Web.Host\PET.Examination.Web.Host.csproj", "{38E184BD-E874-4633-A947-AED4FDB73F40}"
EndProject
Project("{9A19103F-16F7-4668-BE54-9A1E7A4F7556}") = "PET.Examination.Web.Core", "src\PET.Examination.Web.Core\PET.Examination.Web.Core.csproj", "{22CFE0D2-8DCA-42D7-AD7D-784C3862493F}"
EndProject
Project("{9A19103F-16F7-4668-BE54-9A1E7A4F7556}") = "PET.Examination.EntityFrameworkCore", "src\PET.Examination.EntityFrameworkCore\PET.Examination.EntityFrameworkCore.csproj", "{E0580562-F8F2-4EBB-B07A-ABFC6F2C314F}"
EndProject
Project("{2150E333-8FDC-42A3-9474-1A3956D46DE8}") = "sdk", "sdk", "{972B3BE1-3216-4E00-8345-75AB5C3830AA}"
EndProject
Project("{FAE04EC0-301F-11D3-BF4B-00C04F79EFBC}") = "WinXinSDK", "sdk\WinXinSDK\WinXinSDK.csproj", "{FC38088D-201A-4EE2-A0C5-3AF327FC9D80}"
EndProject
Project("{FAE04EC0-301F-11D3-BF4B-00C04F79EFBC}") = "WeixinSDK.TokenService.Distributed", "sdk\WeixinSDK.TokenService.Distributed\WeixinSDK.TokenService.Distributed.csproj", "{DBC1DB1D-742E-48E5-BEDA-B63E005D8682}"
EndProject
Project("{FAE04EC0-301F-11D3-BF4B-00C04F79EFBC}") = "WeixinSDK.Config", "sdk\WeixinSDK.Config\WeixinSDK.Config.csproj", "{08531E34-78D7-4B89-99DA-83A3B61EEF0E}"
EndProject
Project("{FAE04EC0-301F-11D3-BF4B-00C04F79EFBC}") = "Common.Logger.Log4Net", "sdk\Common.Logger.Log4Net\Common.Logger.Log4Net.csproj", "{A550D6E8-0BE4-442A-B4F0-0FAED1548A83}"
EndProject
Project("{FAE04EC0-301F-11D3-BF4B-00C04F79EFBC}") = "Common.Serializer.JsonNet", "sdk\Common.Serializer.JsonNet\Common.Serializer.JsonNet.csproj", "{C47BE652-C150-484B-A143-EEB08B58A552}"
EndProject
Project("{FAE04EC0-301F-11D3-BF4B-00C04F79EFBC}") = "Common", "sdk\Common\Common.csproj", "{EE8BDE5C-8625-4402-AC98-00BF51213169}"
EndProject
Global
	GlobalSection(SolutionConfigurationPlatforms) = preSolution
		Debug|Any CPU = Debug|Any CPU
		Release|Any CPU = Release|Any CPU
	EndGlobalSection
	GlobalSection(ProjectConfigurationPlatforms) = postSolution
		{0FA75A5B-AB83-4FD0-B545-279774C01E87}.Debug|Any CPU.ActiveCfg = Debug|Any CPU
		{0FA75A5B-AB83-4FD0-B545-279774C01E87}.Debug|Any CPU.Build.0 = Debug|Any CPU
		{0FA75A5B-AB83-4FD0-B545-279774C01E87}.Release|Any CPU.ActiveCfg = Release|Any CPU
		{0FA75A5B-AB83-4FD0-B545-279774C01E87}.Release|Any CPU.Build.0 = Release|Any CPU
		{3870C648-4AEA-4B85-BA3F-F2F63B96136A}.Debug|Any CPU.ActiveCfg = Debug|Any CPU
		{3870C648-4AEA-4B85-BA3F-F2F63B96136A}.Debug|Any CPU.Build.0 = Debug|Any CPU
		{3870C648-4AEA-4B85-BA3F-F2F63B96136A}.Release|Any CPU.ActiveCfg = Release|Any CPU
		{3870C648-4AEA-4B85-BA3F-F2F63B96136A}.Release|Any CPU.Build.0 = Release|Any CPU
		{0D4C5D00-C144-4213-A007-4B8944113AB1}.Debug|Any CPU.ActiveCfg = Debug|Any CPU
		{0D4C5D00-C144-4213-A007-4B8944113AB1}.Debug|Any CPU.Build.0 = Debug|Any CPU
		{0D4C5D00-C144-4213-A007-4B8944113AB1}.Release|Any CPU.ActiveCfg = Release|Any CPU
		{0D4C5D00-C144-4213-A007-4B8944113AB1}.Release|Any CPU.Build.0 = Release|Any CPU
		{880B3591-E057-46FE-B525-10BD83828B93}.Debug|Any CPU.ActiveCfg = Debug|Any CPU
		{880B3591-E057-46FE-B525-10BD83828B93}.Debug|Any CPU.Build.0 = Debug|Any CPU
		{880B3591-E057-46FE-B525-10BD83828B93}.Release|Any CPU.ActiveCfg = Release|Any CPU
		{880B3591-E057-46FE-B525-10BD83828B93}.Release|Any CPU.Build.0 = Release|Any CPU
		{38E184BD-E874-4633-A947-AED4FDB73F40}.Debug|Any CPU.ActiveCfg = Debug|Any CPU
		{38E184BD-E874-4633-A947-AED4FDB73F40}.Debug|Any CPU.Build.0 = Debug|Any CPU
		{38E184BD-E874-4633-A947-AED4FDB73F40}.Release|Any CPU.ActiveCfg = Release|Any CPU
		{38E184BD-E874-4633-A947-AED4FDB73F40}.Release|Any CPU.Build.0 = Release|Any CPU
		{22CFE0D2-8DCA-42D7-AD7D-784C3862493F}.Debug|Any CPU.ActiveCfg = Debug|Any CPU
		{22CFE0D2-8DCA-42D7-AD7D-784C3862493F}.Debug|Any CPU.Build.0 = Debug|Any CPU
		{22CFE0D2-8DCA-42D7-AD7D-784C3862493F}.Release|Any CPU.ActiveCfg = Release|Any CPU
		{22CFE0D2-8DCA-42D7-AD7D-784C3862493F}.Release|Any CPU.Build.0 = Release|Any CPU
		{E0580562-F8F2-4EBB-B07A-ABFC6F2C314F}.Debug|Any CPU.ActiveCfg = Debug|Any CPU
		{E0580562-F8F2-4EBB-B07A-ABFC6F2C314F}.Debug|Any CPU.Build.0 = Debug|Any CPU
		{E0580562-F8F2-4EBB-B07A-ABFC6F2C314F}.Release|Any CPU.ActiveCfg = Release|Any CPU
		{E0580562-F8F2-4EBB-B07A-ABFC6F2C314F}.Release|Any CPU.Build.0 = Release|Any CPU
		{FC38088D-201A-4EE2-A0C5-3AF327FC9D80}.Debug|Any CPU.ActiveCfg = Debug|Any CPU
		{FC38088D-201A-4EE2-A0C5-3AF327FC9D80}.Debug|Any CPU.Build.0 = Debug|Any CPU
		{FC38088D-201A-4EE2-A0C5-3AF327FC9D80}.Release|Any CPU.ActiveCfg = Release|Any CPU
		{FC38088D-201A-4EE2-A0C5-3AF327FC9D80}.Release|Any CPU.Build.0 = Release|Any CPU
		{DBC1DB1D-742E-48E5-BEDA-B63E005D8682}.Debug|Any CPU.ActiveCfg = Debug|Any CPU
		{DBC1DB1D-742E-48E5-BEDA-B63E005D8682}.Debug|Any CPU.Build.0 = Debug|Any CPU
		{DBC1DB1D-742E-48E5-BEDA-B63E005D8682}.Release|Any CPU.ActiveCfg = Release|Any CPU
		{DBC1DB1D-742E-48E5-BEDA-B63E005D8682}.Release|Any CPU.Build.0 = Release|Any CPU
		{08531E34-78D7-4B89-99DA-83A3B61EEF0E}.Debug|Any CPU.ActiveCfg = Debug|Any CPU
		{08531E34-78D7-4B89-99DA-83A3B61EEF0E}.Debug|Any CPU.Build.0 = Debug|Any CPU
		{08531E34-78D7-4B89-99DA-83A3B61EEF0E}.Release|Any CPU.ActiveCfg = Release|Any CPU
		{08531E34-78D7-4B89-99DA-83A3B61EEF0E}.Release|Any CPU.Build.0 = Release|Any CPU
		{A550D6E8-0BE4-442A-B4F0-0FAED1548A83}.Debug|Any CPU.ActiveCfg = Debug|Any CPU
		{A550D6E8-0BE4-442A-B4F0-0FAED1548A83}.Debug|Any CPU.Build.0 = Debug|Any CPU
		{A550D6E8-0BE4-442A-B4F0-0FAED1548A83}.Release|Any CPU.ActiveCfg = Release|Any CPU
		{A550D6E8-0BE4-442A-B4F0-0FAED1548A83}.Release|Any CPU.Build.0 = Release|Any CPU
		{C47BE652-C150-484B-A143-EEB08B58A552}.Debug|Any CPU.ActiveCfg = Debug|Any CPU
		{C47BE652-C150-484B-A143-EEB08B58A552}.Debug|Any CPU.Build.0 = Debug|Any CPU
		{C47BE652-C150-484B-A143-EEB08B58A552}.Release|Any CPU.ActiveCfg = Release|Any CPU
		{C47BE652-C150-484B-A143-EEB08B58A552}.Release|Any CPU.Build.0 = Release|Any CPU
		{EE8BDE5C-8625-4402-AC98-00BF51213169}.Debug|Any CPU.ActiveCfg = Debug|Any CPU
		{EE8BDE5C-8625-4402-AC98-00BF51213169}.Debug|Any CPU.Build.0 = Debug|Any CPU
		{EE8BDE5C-8625-4402-AC98-00BF51213169}.Release|Any CPU.ActiveCfg = Release|Any CPU
		{EE8BDE5C-8625-4402-AC98-00BF51213169}.Release|Any CPU.Build.0 = Release|Any CPU
	EndGlobalSection
	GlobalSection(SolutionProperties) = preSolution
		HideSolutionNode = FALSE
	EndGlobalSection
	GlobalSection(NestedProjects) = preSolution
		{0FA75A5B-AB83-4FD0-B545-279774C01E87} = {AFAA0841-BD93-466F-B8F4-FB4EEC86F1FC}
		{3870C648-4AEA-4B85-BA3F-F2F63B96136A} = {AFAA0841-BD93-466F-B8F4-FB4EEC86F1FC}
		{0D4C5D00-C144-4213-A007-4B8944113AB1} = {F10AA149-2626-486E-85BB-9CD5365F3016}
		{880B3591-E057-46FE-B525-10BD83828B93} = {AFAA0841-BD93-466F-B8F4-FB4EEC86F1FC}
		{38E184BD-E874-4633-A947-AED4FDB73F40} = {AFAA0841-BD93-466F-B8F4-FB4EEC86F1FC}
		{22CFE0D2-8DCA-42D7-AD7D-784C3862493F} = {AFAA0841-BD93-466F-B8F4-FB4EEC86F1FC}
		{E0580562-F8F2-4EBB-B07A-ABFC6F2C314F} = {AFAA0841-BD93-466F-B8F4-FB4EEC86F1FC}
		{FC38088D-201A-4EE2-A0C5-3AF327FC9D80} = {972B3BE1-3216-4E00-8345-75AB5C3830AA}
		{DBC1DB1D-742E-48E5-BEDA-B63E005D8682} = {972B3BE1-3216-4E00-8345-75AB5C3830AA}
		{08531E34-78D7-4B89-99DA-83A3B61EEF0E} = {972B3BE1-3216-4E00-8345-75AB5C3830AA}
		{A550D6E8-0BE4-442A-B4F0-0FAED1548A83} = {972B3BE1-3216-4E00-8345-75AB5C3830AA}
		{C47BE652-C150-484B-A143-EEB08B58A552} = {972B3BE1-3216-4E00-8345-75AB5C3830AA}
		{EE8BDE5C-8625-4402-AC98-00BF51213169} = {972B3BE1-3216-4E00-8345-75AB5C3830AA}
	EndGlobalSection
	GlobalSection(ExtensibilityGlobals) = postSolution
		SolutionGuid = {FDA93E8F-B12F-4CF1-97F4-2F6FEDC0C903}
	EndGlobalSection
EndGlobal
